
Microsoft Visual Studio Solution File, Format Version 12.00
# Visual Studio Version 16
VisualStudioVersion = 16.0.29509.3
MinimumVisualStudioVersion = 10.0.40219.1
Project("{FAE04EC0-301F-11D3-BF4B-00C04F79EFBC}") = "Aula125Heranca", "Aula125Heranca.csproj", "{EBA2277D-25D1-4D72-BA7F-4C2954CC6964}"
EndProject
Global
	GlobalSection(SolutionConfigurationPlatforms) = preSolution
		Debug|Any CPU = Debug|Any CPU
		Release|Any CPU = Release|Any CPU
	EndGlobalSection
	GlobalSection(ProjectConfigurationPlatforms) = postSolution
		{EBA2277D-25D1-4D72-BA7F-4C2954CC6964}.Debug|Any CPU.ActiveCfg = Debug|Any CPU
		{EBA2277D-25D1-4D72-BA7F-4C2954CC6964}.Debug|Any CPU.Build.0 = Debug|Any CPU
		{EBA2277D-25D1-4D72-BA7F-4C2954CC6964}.Release|Any CPU.ActiveCfg = Release|Any CPU
		{EBA2277D-25D1-4D72-BA7F-4C2954CC6964}.Release|Any CPU.Build.0 = Release|Any CPU
	EndGlobalSection
	GlobalSection(SolutionProperties) = preSolution
		HideSolutionNode = FALSE
	EndGlobalSection
	GlobalSection(ExtensibilityGlobals) = postSolution
		SolutionGuid = {AB88C0DD-A48F-4FD7-B979-12326776DAF4}
	EndGlobalSection
EndGlobal
